// !$*UTF8*$!
{
	archiveVersion = 1;
	classes = {
	};
	objectVersion = 56;
	objects = {

/* Begin PBXBuildFile section */
		BD8FB0312BE7F703008E1B35 /* ToDo_List_AppApp.swift in Sources */ = {isa = PBXBuildFile; fileRef = BD8FB0302BE7F703008E1B35 /* ToDo_List_AppApp.swift */; };
		BD8FB0332BE7F703008E1B35 /* ContentView.swift in Sources */ = {isa = PBXBuildFile; fileRef = BD8FB0322BE7F703008E1B35 /* ContentView.swift */; };
		BD8FB0352BE7F704008E1B35 /* Assets.xcassets in Resources */ = {isa = PBXBuildFile; fileRef = BD8FB0342BE7F704008E1B35 /* Assets.xcassets */; };
		BD8FB0382BE7F704008E1B35 /* Preview Assets.xcassets in Resources */ = {isa = PBXBuildFile; fileRef = BD8FB0372BE7F704008E1B35 /* Preview Assets.xcassets */; };
		BD8FB0422BE7F705008E1B35 /* ToDo_List_AppTests.swift in Sources */ = {isa = PBXBuildFile; fileRef = BD8FB0412BE7F705008E1B35 /* ToDo_List_AppTests.swift */; };
		BD8FB04C2BE7F705008E1B35 /* ToDo_List_AppUITests.swift in Sources */ = {isa = PBXBuildFile; fileRef = BD8FB04B2BE7F705008E1B35 /* ToDo_List_AppUITests.swift */; };
		BD8FB04E2BE7F705008E1B35 /* ToDo_List_AppUITestsLaunchTests.swift in Sources */ = {isa = PBXBuildFile; fileRef = BD8FB04D2BE7F705008E1B35 /* ToDo_List_AppUITestsLaunchTests.swift */; };
		BDACF4B42BE7FC2300779C66 /* NewToDoView.swift in Sources */ = {isa = PBXBuildFile; fileRef = BDACF4B32BE7FC2300779C66 /* NewToDoView.swift */; };
		BDBC19A82BF16688006991F5 /* ToDoItem.swift in Sources */ = {isa = PBXBuildFile; fileRef = BDBC19A72BF16688006991F5 /* ToDoItem.swift */; };
/* End PBXBuildFile section */

/* Begin PBXContainerItemProxy section */
		BD8FB03E2BE7F705008E1B35 /* PBXContainerItemProxy */ = {
			isa = PBXContainerItemProxy;
			containerPortal = BD8FB0252BE7F703008E1B35 /* Project object */;
			proxyType = 1;
			remoteGlobalIDString = BD8FB02C2BE7F703008E1B35;
			remoteInfo = "ToDo List App";
		};
		BD8FB0482BE7F705008E1B35 /* PBXContainerItemProxy */ = {
			isa = PBXContainerItemProxy;
			containerPortal = BD8FB0252BE7F703008E1B35 /* Project object */;
			proxyType = 1;
			remoteGlobalIDString = BD8FB02C2BE7F703008E1B35;
			remoteInfo = "ToDo List App";
		};
/* End PBXContainerItemProxy section */

/* Begin PBXFileReference section */
		BD8FB02D2BE7F703008E1B35 /* ToDo List App.app */ = {isa = PBXFileReference; explicitFileType = wrapper.application; includeInIndex = 0; path = "ToDo List App.app"; sourceTree = BUILT_PRODUCTS_DIR; };
		BD8FB0302BE7F703008E1B35 /* ToDo_List_AppApp.swift */ = {isa = PBXFileReference; lastKnownFileType = sourcecode.swift; path = ToDo_List_AppApp.swift; sourceTree = "<group>"; };
		BD8FB0322BE7F703008E1B35 /* ContentView.swift */ = {isa = PBXFileReference; lastKnownFileType = sourcecode.swift; path = ContentView.swift; sourceTree = "<group>"; };
		BD8FB0342BE7F704008E1B35 /* Assets.xcassets */ = {isa = PBXFileReference; lastKnownFileType = folder.assetcatalog; path = Assets.xcassets; sourceTree = "<group>"; };
		BD8FB0372BE7F704008E1B35 /* Preview Assets.xcassets */ = {isa = PBXFileReference; lastKnownFileType = folder.assetcatalog; path = "Preview Assets.xcassets"; sourceTree = "<group>"; };
		BD8FB03D2BE7F705008E1B35 /* ToDo List AppTests.xctest */ = {isa = PBXFileReference; explicitFileType = wrapper.cfbundle; includeInIndex = 0; path = "ToDo List AppTests.xctest"; sourceTree = BUILT_PRODUCTS_DIR; };
		BD8FB0412BE7F705008E1B35 /* ToDo_List_AppTests.swift */ = {isa = PBXFileReference; lastKnownFileType = sourcecode.swift; path = ToDo_List_AppTests.swift; sourceTree = "<group>"; };
		BD8FB0472BE7F705008E1B35 /* ToDo List AppUITests.xctest */ = {isa = PBXFileReference; explicitFileType = wrapper.cfbundle; includeInIndex = 0; path = "ToDo List AppUITests.xctest"; sourceTree = BUILT_PRODUCTS_DIR; };
		BD8FB04B2BE7F705008E1B35 /* ToDo_List_AppUITests.swift */ = {isa = PBXFileReference; lastKnownFileType = sourcecode.swift; path = ToDo_List_AppUITests.swift; sourceTree = "<group>"; };
		BD8FB04D2BE7F705008E1B35 /* ToDo_List_AppUITestsLaunchTests.swift */ = {isa = PBXFileReference; lastKnownFileType = sourcecode.swift; path = ToDo_List_AppUITestsLaunchTests.swift; sourceTree = "<group>"; };
		BDACF4B32BE7FC2300779C66 /* NewToDoView.swift */ = {isa = PBXFileReference; lastKnownFileType = sourcecode.swift; path = NewToDoView.swift; sourceTree = "<group>"; };
		BDBC19A72BF16688006991F5 /* ToDoItem.swift */ = {isa = PBXFileReference; lastKnownFileType = sourcecode.swift; path = ToDoItem.swift; sourceTree = "<group>"; };
/* End PBXFileReference section */

/* Begin PBXFrameworksBuildPhase section */
		BD8FB02A2BE7F703008E1B35 /* Frameworks */ = {
			isa = PBXFrameworksBuildPhase;
			buildActionMask = 2147483647;
			files = (
			);
			runOnlyForDeploymentPostprocessing = 0;
		};
		BD8FB03A2BE7F705008E1B35 /* Frameworks */ = {
			isa = PBXFrameworksBuildPhase;
			buildActionMask = 2147483647;
			files = (
			);
			runOnlyForDeploymentPostprocessing = 0;
		};
		BD8FB0442BE7F705008E1B35 /* Frameworks */ = {
			isa = PBXFrameworksBuildPhase;
			buildActionMask = 2147483647;
			files = (
			);
			runOnlyForDeploymentPostprocessing = 0;
		};
/* End PBXFrameworksBuildPhase section */

/* Begin PBXGroup section */
		BD8FB0242BE7F703008E1B35 = {
			isa = PBXGroup;
			children = (
				BD8FB02F2BE7F703008E1B35 /* ToDo List App */,
				BD8FB0402BE7F705008E1B35 /* ToDo List AppTests */,
				BD8FB04A2BE7F705008E1B35 /* ToDo List AppUITests */,
				BD8FB02E2BE7F703008E1B35 /* Products */,
			);
			sourceTree = "<group>";
		};
		BD8FB02E2BE7F703008E1B35 /* Products */ = {
			isa = PBXGroup;
			children = (
				BD8FB02D2BE7F703008E1B35 /* ToDo List App.app */,
				BD8FB03D2BE7F705008E1B35 /* ToDo List AppTests.xctest */,
				BD8FB0472BE7F705008E1B35 /* ToDo List AppUITests.xctest */,
			);
			name = Products;
			sourceTree = "<group>";
		};
		BD8FB02F2BE7F703008E1B35 /* ToDo List App */ = {
			isa = PBXGroup;
			children = (
				BD8FB0302BE7F703008E1B35 /* ToDo_List_AppApp.swift */,
				BDBC19A72BF16688006991F5 /* ToDoItem.swift */,
				BD8FB0322BE7F703008E1B35 /* ContentView.swift */,
				BDACF4B32BE7FC2300779C66 /* NewToDoView.swift */,
				BD8FB0342BE7F704008E1B35 /* Assets.xcassets */,
				BD8FB0362BE7F704008E1B35 /* Preview Content */,
			);
			path = "ToDo List App";
			sourceTree = "<group>";
		};
		BD8FB0362BE7F704008E1B35 /* Preview Content */ = {
			isa = PBXGroup;
			children = (
				BD8FB0372BE7F704008E1B35 /* Preview Assets.xcassets */,
			);
			path = "Preview Content";
			sourceTree = "<group>";
		};
		BD8FB0402BE7F705008E1B35 /* ToDo List AppTests */ = {
			isa = PBXGroup;
			children = (
				BD8FB0412BE7F705008E1B35 /* ToDo_List_AppTests.swift */,
			);
			path = "ToDo List AppTests";
			sourceTree = "<group>";
		};
		BD8FB04A2BE7F705008E1B35 /* ToDo List AppUITests */ = {
			isa = PBXGroup;
			children = (
				BD8FB04B2BE7F705008E1B35 /* ToDo_List_AppUITests.swift */,
				BD8FB04D2BE7F705008E1B35 /* ToDo_List_AppUITestsLaunchTests.swift */,
			);
			path = "ToDo List AppUITests";
			sourceTree = "<group>";
		};
/* End PBXGroup section */

/* Begin PBXNativeTarget section */
		BD8FB02C2BE7F703008E1B35 /* ToDo List App */ = {
			isa = PBXNativeTarget;
			buildConfigurationList = BD8FB0512BE7F705008E1B35 /* Build configuration list for PBXNativeTarget "ToDo List App" */;
			buildPhases = (
				BD8FB0292BE7F703008E1B35 /* Sources */,
				BD8FB02A2BE7F703008E1B35 /* Frameworks */,
				BD8FB02B2BE7F703008E1B35 /* Resources */,
			);
			buildRules = (
			);
			dependencies = (
			);
			name = "ToDo List App";
			productName = "ToDo List App";
			productReference = BD8FB02D2BE7F703008E1B35 /* ToDo List App.app */;
			productType = "com.apple.product-type.application";
		};
		BD8FB03C2BE7F705008E1B35 /* ToDo List AppTests */ = {
			isa = PBXNativeTarget;
			buildConfigurationList = BD8FB0542BE7F705008E1B35 /* Build configuration list for PBXNativeTarget "ToDo List AppTests" */;
			buildPhases = (
				BD8FB0392BE7F705008E1B35 /* Sources */,
				BD8FB03A2BE7F705008E1B35 /* Frameworks */,
				BD8FB03B2BE7F705008E1B35 /* Resources */,
			);
			buildRules = (
			);
			dependencies = (
				BD8FB03F2BE7F705008E1B35 /* PBXTargetDependency */,
			);
			name = "ToDo List AppTests";
			productName = "ToDo List AppTests";
			productReference = BD8FB03D2BE7F705008E1B35 /* ToDo List AppTests.xctest */;
			productType = "com.apple.product-type.bundle.unit-test";
		};
		BD8FB0462BE7F705008E1B35 /* ToDo List AppUITests */ = {
			isa = PBXNativeTarget;
			buildConfigurationList = BD8FB0572BE7F705008E1B35 /* Build configuration list for PBXNativeTarget "ToDo List AppUITests" */;
			buildPhases = (
				BD8FB0432BE7F705008E1B35 /* Sources */,
				BD8FB0442BE7F705008E1B35 /* Frameworks */,
				BD8FB0452BE7F705008E1B35 /* Resources */,
			);
			buildRules = (
			);
			dependencies = (
				BD8FB0492BE7F705008E1B35 /* PBXTargetDependency */,
			);
			name = "ToDo List AppUITests";
			productName = "ToDo List AppUITests";
			productReference = BD8FB0472BE7F705008E1B35 /* ToDo List AppUITests.xctest */;
			productType = "com.apple.product-type.bundle.ui-testing";
		};
/* End PBXNativeTarget section */

/* Begin PBXProject section */
		BD8FB0252BE7F703008E1B35 /* Project object */ = {
			isa = PBXProject;
			attributes = {
				BuildIndependentTargetsInParallel = 1;
				LastSwiftUpdateCheck = 1530;
				LastUpgradeCheck = 1530;
				TargetAttributes = {
					BD8FB02C2BE7F703008E1B35 = {
						CreatedOnToolsVersion = 15.3;
					};
					BD8FB03C2BE7F705008E1B35 = {
						CreatedOnToolsVersion = 15.3;
						TestTargetID = BD8FB02C2BE7F703008E1B35;
					};
					BD8FB0462BE7F705008E1B35 = {
						CreatedOnToolsVersion = 15.3;
						TestTargetID = BD8FB02C2BE7F703008E1B35;
					};
				};
			};
			buildConfigurationList = BD8FB0282BE7F703008E1B35 /* Build configuration list for PBXProject "ToDo List App" */;
			compatibilityVersion = "Xcode 14.0";
			developmentRegion = en;
			hasScannedForEncodings = 0;
			knownRegions = (
				en,
				Base,
			);
			mainGroup = BD8FB0242BE7F703008E1B35;
			productRefGroup = BD8FB02E2BE7F703008E1B35 /* Products */;
			projectDirPath = "";
			projectRoot = "";
			targets = (
				BD8FB02C2BE7F703008E1B35 /* ToDo List App */,
				BD8FB03C2BE7F705008E1B35 /* ToDo List AppTests */,
				BD8FB0462BE7F705008E1B35 /* ToDo List AppUITests */,
			);
		};
/* End PBXProject section */

/* Begin PBXResourcesBuildPhase section */
		BD8FB02B2BE7F703008E1B35 /* Resources */ = {
			isa = PBXResourcesBuildPhase;
			buildActionMask = 2147483647;
			files = (
				BD8FB0382BE7F704008E1B35 /* Preview Assets.xcassets in Resources */,
				BD8FB0352BE7F704008E1B35 /* Assets.xcassets in Resources */,
			);
			runOnlyForDeploymentPostprocessing = 0;
		};
		BD8FB03B2BE7F705008E1B35 /* Resources */ = {
			isa = PBXResourcesBuildPhase;
			buildActionMask = 2147483647;
			files = (
			);
			runOnlyForDeploymentPostprocessing = 0;
		};
		BD8FB0452BE7F705008E1B35 /* Resources */ = {
			isa = PBXResourcesBuildPhase;
			buildActionMask = 2147483647;
			files = (
			);
			runOnlyForDeploymentPostprocessing = 0;
		};
/* End PBXResourcesBuildPhase section */

/* Begin PBXSourcesBuildPhase section */
		BD8FB0292BE7F703008E1B35 /* Sources */ = {
			isa = PBXSourcesBuildPhase;
			buildActionMask = 2147483647;
			files = (
				BDACF4B42BE7FC2300779C66 /* NewToDoView.swift in Sources */,
				BD8FB0332BE7F703008E1B35 /* ContentView.swift in Sources */,
				BDBC19A82BF16688006991F5 /* ToDoItem.swift in Sources */,
				BD8FB0312BE7F703008E1B35 /* ToDo_List_AppApp.swift in Sources */,
			);
			runOnlyForDeploymentPostprocessing = 0;
		};
		BD8FB0392BE7F705008E1B35 /* Sources */ = {
			isa = PBXSourcesBuildPhase;
			buildActionMask = 2147483647;
			files = (
				BD8FB0422BE7F705008E1B35 /* ToDo_List_AppTests.swift in Sources */,
			);
			runOnlyForDeploymentPostprocessing = 0;
		};
		BD8FB0432BE7F705008E1B35 /* Sources */ = {
			isa = PBXSourcesBuildPhase;
			buildActionMask = 2147483647;
			files = (
				BD8FB04E2BE7F705008E1B35 /* ToDo_List_AppUITestsLaunchTests.swift in Sources */,
				BD8FB04C2BE7F705008E1B35 /* ToDo_List_AppUITests.swift in Sources */,
			);
			runOnlyForDeploymentPostprocessing = 0;
		};
/* End PBXSourcesBuildPhase section */

/* Begin PBXTargetDependency section */
		BD8FB03F2BE7F705008E1B35 /* PBXTargetDependency */ = {
			isa = PBXTargetDependency;
			target = BD8FB02C2BE7F703008E1B35 /* ToDo List App */;
			targetProxy = BD8FB03E2BE7F705008E1B35 /* PBXContainerItemProxy */;
		};
		BD8FB0492BE7F705008E1B35 /* PBXTargetDependency */ = {
			isa = PBXTargetDependency;
			target = BD8FB02C2BE7F703008E1B35 /* ToDo List App */;
			targetProxy = BD8FB0482BE7F705008E1B35 /* PBXContainerItemProxy */;
		};
/* End PBXTargetDependency section */

/* Begin XCBuildConfiguration section */
		BD8FB04F2BE7F705008E1B35 /* Debug */ = {
			isa = XCBuildConfiguration;
			buildSettings = {
				ALWAYS_SEARCH_USER_PATHS = NO;
				ASSETCATALOG_COMPILER_GENERATE_SWIFT_ASSET_SYMBOL_EXTENSIONS = YES;
				CLANG_ANALYZER_NONNULL = YES;
				CLANG_ANALYZER_NUMBER_OBJECT_CONVERSION = YES_AGGRESSIVE;
				CLANG_CXX_LANGUAGE_STANDARD = "gnu++20";
				CLANG_ENABLE_MODULES = YES;
				CLANG_ENABLE_OBJC_ARC = YES;
				CLANG_ENABLE_OBJC_WEAK = YES;
				CLANG_WARN_BLOCK_CAPTURE_AUTORELEASING = YES;
				CLANG_WARN_BOOL_CONVERSION = YES;
				CLANG_WARN_COMMA = YES;
				CLANG_WARN_CONSTANT_CONVERSION = YES;
				CLANG_WARN_DEPRECATED_OBJC_IMPLEMENTATIONS = YES;
				CLANG_WARN_DIRECT_OBJC_ISA_USAGE = YES_ERROR;
				CLANG_WARN_DOCUMENTATION_COMMENTS = YES;
				CLANG_WARN_EMPTY_BODY = YES;
				CLANG_WARN_ENUM_CONVERSION = YES;
				CLANG_WARN_INFINITE_RECURSION = YES;
				CLANG_WARN_INT_CONVERSION = YES;
				CLANG_WARN_NON_LITERAL_NULL_CONVERSION = YES;
				CLANG_WARN_OBJC_IMPLICIT_RETAIN_SELF = YES;
				CLANG_WARN_OBJC_LITERAL_CONVERSION = YES;
				CLANG_WARN_OBJC_ROOT_CLASS = YES_ERROR;
				CLANG_WARN_QUOTED_INCLUDE_IN_FRAMEWORK_HEADER = YES;
				CLANG_WARN_RANGE_LOOP_ANALYSIS = YES;
				CLANG_WARN_STRICT_PROTOTYPES = YES;
				CLANG_WARN_SUSPICIOUS_MOVE = YES;
				CLANG_WARN_UNGUARDED_AVAILABILITY = YES_AGGRESSIVE;
				CLANG_WARN_UNREACHABLE_CODE = YES;
				CLANG_WARN__DUPLICATE_METHOD_MATCH = YES;
				COPY_PHASE_STRIP = NO;
				DEBUG_INFORMATION_FORMAT = dwarf;
				ENABLE_STRICT_OBJC_MSGSEND = YES;
				ENABLE_TESTABILITY = YES;
				ENABLE_USER_SCRIPT_SANDBOXING = YES;
				GCC_C_LANGUAGE_STANDARD = gnu17;
				GCC_DYNAMIC_NO_PIC = NO;
				GCC_NO_COMMON_BLOCKS = YES;
				GCC_OPTIMIZATION_LEVEL = 0;
				GCC_PREPROCESSOR_DEFINITIONS = (
					"DEBUG=1",
					"$(inherited)",
				);
				GCC_WARN_64_TO_32_BIT_CONVERSION = YES;
				GCC_WARN_ABOUT_RETURN_TYPE = YES_ERROR;
				GCC_WARN_UNDECLARED_SELECTOR = YES;
				GCC_WARN_UNINITIALIZED_AUTOS = YES_AGGRESSIVE;
				GCC_WARN_UNUSED_FUNCTION = YES;
				GCC_WARN_UNUSED_VARIABLE = YES;
				IPHONEOS_DEPLOYMENT_TARGET = 17.4;
				LOCALIZATION_PREFERS_STRING_CATALOGS = YES;
				MTL_ENABLE_DEBUG_INFO = INCLUDE_SOURCE;
				MTL_FAST_MATH = YES;
				ONLY_ACTIVE_ARCH = YES;
				SDKROOT = iphoneos;
				SWIFT_ACTIVE_COMPILATION_CONDITIONS = "DEBUG $(inherited)";
				SWIFT_OPTIMIZATION_LEVEL = "-Onone";
			};
			name = Debug;
		};
		BD8FB0502BE7F705008E1B35 /* Release */ = {
			isa = XCBuildConfiguration;
			buildSettings = {
				ALWAYS_SEARCH_USER_PATHS = NO;
				ASSETCATALOG_COMPILER_GENERATE_SWIFT_ASSET_SYMBOL_EXTENSIONS = YES;
				CLANG_ANALYZER_NONNULL = YES;
				CLANG_ANALYZER_NUMBER_OBJECT_CONVERSION = YES_AGGRESSIVE;
				CLANG_CXX_LANGUAGE_STANDARD = "gnu++20";
				CLANG_ENABLE_MODULES = YES;
				CLANG_ENABLE_OBJC_ARC = YES;
				CLANG_ENABLE_OBJC_WEAK = YES;
				CLANG_WARN_BLOCK_CAPTURE_AUTORELEASING = YES;
				CLANG_WARN_BOOL_CONVERSION = YES;
				CLANG_WARN_COMMA = YES;
				CLANG_WARN_CONSTANT_CONVERSION = YES;
				CLANG_WARN_DEPRECATED_OBJC_IMPLEMENTATIONS = YES;
				CLANG_WARN_DIRECT_OBJC_ISA_USAGE = YES_ERROR;
				CLANG_WARN_DOCUMENTATION_COMMENTS = YES;
				CLANG_WARN_EMPTY_BODY = YES;
				CLANG_WARN_ENUM_CONVERSION = YES;
				CLANG_WARN_INFINITE_RECURSION = YES;
				CLANG_WARN_INT_CONVERSION = YES;
				CLANG_WARN_NON_LITERAL_NULL_CONVERSION = YES;
				CLANG_WARN_OBJC_IMPLICIT_RETAIN_SELF = YES;
				CLANG_WARN_OBJC_LITERAL_CONVERSION = YES;
				CLANG_WARN_OBJC_ROOT_CLASS = YES_ERROR;
				CLANG_WARN_QUOTED_INCLUDE_IN_FRAMEWORK_HEADER = YES;
				CLANG_WARN_RANGE_LOOP_ANALYSIS = YES;
				CLANG_WARN_STRICT_PROTOTYPES = YES;
				CLANG_WARN_SUSPICIOUS_MOVE = YES;
				CLANG_WARN_UNGUARDED_AVAILABILITY = YES_AGGRESSIVE;
				CLANG_WARN_UNREACHABLE_CODE = YES;
				CLANG_WARN__DUPLICATE_METHOD_MATCH = YES;
				COPY_PHASE_STRIP = NO;
				DEBUG_INFORMATION_FORMAT = "dwarf-with-dsym";
				ENABLE_NS_ASSERTIONS = NO;
				ENABLE_STRICT_OBJC_MSGSEND = YES;
				ENABLE_USER_SCRIPT_SANDBOXING = YES;
				GCC_C_LANGUAGE_STANDARD = gnu17;
				GCC_NO_COMMON_BLOCKS = YES;
				GCC_WARN_64_TO_32_BIT_CONVERSION = YES;
				GCC_WARN_ABOUT_RETURN_TYPE = YES_ERROR;
				GCC_WARN_UNDECLARED_SELECTOR = YES;
				GCC_WARN_UNINITIALIZED_AUTOS = YES_AGGRESSIVE;
				GCC_WARN_UNUSED_FUNCTION = YES;
				GCC_WARN_UNUSED_VARIABLE = YES;
				IPHONEOS_DEPLOYMENT_TARGET = 17.4;
				LOCALIZATION_PREFERS_STRING_CATALOGS = YES;
				MTL_ENABLE_DEBUG_INFO = NO;
				MTL_FAST_MATH = YES;
				SDKROOT = iphoneos;
				SWIFT_COMPILATION_MODE = wholemodule;
				VALIDATE_PRODUCT = YES;
			};
			name = Release;
		};
		BD8FB0522BE7F705008E1B35 /* Debug */ = {
			isa = XCBuildConfiguration;
			buildSettings = {
				ASSETCATALOG_COMPILER_APPICON_NAME = AppIcon;
				ASSETCATALOG_COMPILER_GLOBAL_ACCENT_COLOR_NAME = AccentColor;
				CODE_SIGN_STYLE = Automatic;
				CURRENT_PROJECT_VERSION = 1;
				DEVELOPMENT_ASSET_PATHS = "\"ToDo List App/Preview Content\"";
				ENABLE_PREVIEWS = YES;
				GENERATE_INFOPLIST_FILE = YES;
				INFOPLIST_KEY_UIApplicationSceneManifest_Generation = YES;
				INFOPLIST_KEY_UIApplicationSupportsIndirectInputEvents = YES;
				INFOPLIST_KEY_UILaunchScreen_Generation = YES;
				INFOPLIST_KEY_UISupportedInterfaceOrientations_iPad = "UIInterfaceOrientationPortrait UIInterfaceOrientationPortraitUpsideDown UIInterfaceOrientationLandscapeLeft UIInterfaceOrientationLandscapeRight";
				INFOPLIST_KEY_UISupportedInterfaceOrientations_iPhone = "UIInterfaceOrientationPortrait UIInterfaceOrientationLandscapeLeft UIInterfaceOrientationLandscapeRight";
				LD_RUNPATH_SEARCH_PATHS = (
					"$(inherited)",
					"@executable_path/Frameworks",
				);
				MARKETING_VERSION = 1.0;
				PRODUCT_BUNDLE_IDENTIFIER = "kwk.ToDo-List-App";
				PRODUCT_NAME = "$(TARGET_NAME)";
				SWIFT_EMIT_LOC_STRINGS = YES;
				SWIFT_VERSION = 5.0;
				TARGETED_DEVICE_FAMILY = "1,2";
			};
			name = Debug;
		};
		BD8FB0532BE7F705008E1B35 /* Release */ = {
			isa = XCBuildConfiguration;
			buildSettings = {
				ASSETCATALOG_COMPILER_APPICON_NAME = AppIcon;
				ASSETCATALOG_COMPILER_GLOBAL_ACCENT_COLOR_NAME = AccentColor;
				CODE_SIGN_STYLE = Automatic;
				CURRENT_PROJECT_VERSION = 1;
				DEVELOPMENT_ASSET_PATHS = "\"ToDo List App/Preview Content\"";
				ENABLE_PREVIEWS = YES;
				GENERATE_INFOPLIST_FILE = YES;
				INFOPLIST_KEY_UIApplicationSceneManifest_Generation = YES;
				INFOPLIST_KEY_UIApplicationSupportsIndirectInputEvents = YES;
				INFOPLIST_KEY_UILaunchScreen_Generation = YES;
				INFOPLIST_KEY_UISupportedInterfaceOrientations_iPad = "UIInterfaceOrientationPortrait UIInterfaceOrientationPortraitUpsideDown UIInterfaceOrientationLandscapeLeft UIInterfaceOrientationLandscapeRight";
				INFOPLIST_KEY_UISupportedInterfaceOrientations_iPhone = "UIInterfaceOrientationPortrait UIInterfaceOrientationLandscapeLeft UIInterfaceOrientationLandscapeRight";
				LD_RUNPATH_SEARCH_PATHS = (
					"$(inherited)",
					"@executable_path/Frameworks",
				);
				MARKETING_VERSION = 1.0;
				PRODUCT_BUNDLE_IDENTIFIER = "kwk.ToDo-List-App";
				PRODUCT_NAME = "$(TARGET_NAME)";
				SWIFT_EMIT_LOC_STRINGS = YES;
				SWIFT_VERSION = 5.0;
				TARGETED_DEVICE_FAMILY = "1,2";
			};
			name = Release;
		};
		BD8FB0552BE7F705008E1B35 /* Debug */ = {
			isa = XCBuildConfiguration;
			buildSettings = {
				ALWAYS_EMBED_SWIFT_STANDARD_LIBRARIES = YES;
				BUNDLE_LOADER = "$(TEST_HOST)";
				CODE_SIGN_STYLE = Automatic;
				CURRENT_PROJECT_VERSION = 1;
				GENERATE_INFOPLIST_FILE = YES;
				IPHONEOS_DEPLOYMENT_TARGET = 17.4;
				MARKETING_VERSION = 1.0;
				PRODUCT_BUNDLE_IDENTIFIER = "kwk.ToDo-List-AppTests";
				PRODUCT_NAME = "$(TARGET_NAME)";
				SWIFT_EMIT_LOC_STRINGS = NO;
				SWIFT_VERSION = 5.0;
				TARGETED_DEVICE_FAMILY = "1,2";
				TEST_HOST = "$(BUILT_PRODUCTS_DIR)/ToDo List App.app/$(BUNDLE_EXECUTABLE_FOLDER_PATH)/ToDo List App";
			};
			name = Debug;
		};
		BD8FB0562BE7F705008E1B35 /* Release */ = {
			isa = XCBuildConfiguration;
			buildSettings = {
				ALWAYS_EMBED_SWIFT_STANDARD_LIBRARIES = YES;
				BUNDLE_LOADER = "$(TEST_HOST)";
				CODE_SIGN_STYLE = Automatic;
				CURRENT_PROJECT_VERSION = 1;
				GENERATE_INFOPLIST_FILE = YES;
				IPHONEOS_DEPLOYMENT_TARGET = 17.4;
				MARKETING_VERSION = 1.0;
				PRODUCT_BUNDLE_IDENTIFIER = "kwk.ToDo-List-AppTests";
				PRODUCT_NAME = "$(TARGET_NAME)";
				SWIFT_EMIT_LOC_STRINGS = NO;
				SWIFT_VERSION = 5.0;
				TARGETED_DEVICE_FAMILY = "1,2";
				TEST_HOST = "$(BUILT_PRODUCTS_DIR)/ToDo List App.app/$(BUNDLE_EXECUTABLE_FOLDER_PATH)/ToDo List App";
			};
			name = Release;
		};
		BD8FB0582BE7F705008E1B35 /* Debug */ = {
			isa = XCBuildConfiguration;
			buildSettings = {
				ALWAYS_EMBED_SWIFT_STANDARD_LIBRARIES = YES;
				CODE_SIGN_STYLE = Automatic;
				CURRENT_PROJECT_VERSION = 1;
				GENERATE_INFOPLIST_FILE = YES;
				MARKETING_VERSION = 1.0;
				PRODUCT_BUNDLE_IDENTIFIER = "kwk.ToDo-List-AppUITests";
				PRODUCT_NAME = "$(TARGET_NAME)";
				SWIFT_EMIT_LOC_STRINGS = NO;
				SWIFT_VERSION = 5.0;
				TARGETED_DEVICE_FAMILY = "1,2";
				TEST_TARGET_NAME = "ToDo List App";
			};
			name = Debug;
		};
		BD8FB0592BE7F705008E1B35 /* Release */ = {
			isa = XCBuildConfiguration;
			buildSettings = {
				ALWAYS_EMBED_SWIFT_STANDARD_LIBRARIES = YES;
				CODE_SIGN_STYLE = Automatic;
				CURRENT_PROJECT_VERSION = 1;
				GENERATE_INFOPLIST_FILE = YES;
				MARKETING_VERSION = 1.0;
				PRODUCT_BUNDLE_IDENTIFIER = "kwk.ToDo-List-AppUITests";
				PRODUCT_NAME = "$(TARGET_NAME)";
				SWIFT_EMIT_LOC_STRINGS = NO;
				SWIFT_VERSION = 5.0;
				TARGETED_DEVICE_FAMILY = "1,2";
				TEST_TARGET_NAME = "ToDo List App";
			};
			name = Release;
		};
/* End XCBuildConfiguration section */

/* Begin XCConfigurationList section */
		BD8FB0282BE7F703008E1B35 /* Build configuration list for PBXProject "ToDo List App" */ = {
			isa = XCConfigurationList;
			buildConfigurations = (
				BD8FB04F2BE7F705008E1B35 /* Debug */,
				BD8FB0502BE7F705008E1B35 /* Release */,
			);
			defaultConfigurationIsVisible = 0;
			defaultConfigurationName = Release;
		};
		BD8FB0512BE7F705008E1B35 /* Build configuration list for PBXNativeTarget "ToDo List App" */ = {
			isa = XCConfigurationList;
			buildConfigurations = (
				BD8FB0522BE7F705008E1B35 /* Debug */,
				BD8FB0532BE7F705008E1B35 /* Release */,
			);
			defaultConfigurationIsVisible = 0;
			defaultConfigurationName = Release;
		};
		BD8FB0542BE7F705008E1B35 /* Build configuration list for PBXNativeTarget "ToDo List AppTests" */ = {
			isa = XCConfigurationList;
			buildConfigurations = (
				BD8FB0552BE7F705008E1B35 /* Debug */,
				BD8FB0562BE7F705008E1B35 /* Release */,
			);
			defaultConfigurationIsVisible = 0;
			defaultConfigurationName = Release;
		};
		BD8FB0572BE7F705008E1B35 /* Build configuration list for PBXNativeTarget "ToDo List AppUITests" */ = {
			isa = XCConfigurationList;
			buildConfigurations = (
				BD8FB0582BE7F705008E1B35 /* Debug */,
				BD8FB0592BE7F705008E1B35 /* Release */,
			);
			defaultConfigurationIsVisible = 0;
			defaultConfigurationName = Release;
		};
/* End XCConfigurationList section */
	};
	rootObject = BD8FB0252BE7F703008E1B35 /* Project object */;
}
